
Microsoft Visual Studio Solution File, Format Version 12.00
# Visual Studio 15
VisualStudioVersion = 15.0.26430.16
MinimumVisualStudioVersion = 10.0.40219.1
Project("{FAE04EC0-301F-11D3-BF4B-00C04F79EFBC}") = "Lunalipse", "Lunalipse\Lunalipse.csproj", "{C9D2AF2E-9E4E-4496-BEEF-19B9EA89DEE0}"
	ProjectSection(ProjectDependencies) = postProject
		{EC61FD35-E655-4EBF-823C-24DF1599154C} = {EC61FD35-E655-4EBF-823C-24DF1599154C}
	EndProjectSection
EndProject
Project("{FAE04EC0-301F-11D3-BF4B-00C04F79EFBC}") = "Lunalipse.Common", "Lunalipse.Common\Lunalipse.Common.csproj", "{61478C16-44F2-4333-8209-FAB113BEBD4B}"
EndProject
Project("{FAE04EC0-301F-11D3-BF4B-00C04F79EFBC}") = "Lunalipse.Core", "Lunalipse.Core\Lunalipse.Core.csproj", "{EC61FD35-E655-4EBF-823C-24DF1599154C}"
EndProject
Project("{FAE04EC0-301F-11D3-BF4B-00C04F79EFBC}") = "CSCore", "CSCore\CSCore.csproj", "{C3DCCFE3-DD3F-4EEE-849B-33E355B1E064}"
	ProjectSection(ProjectDependencies) = postProject
		{9522588A-5311-41F1-814C-4FB626FC0B47} = {9522588A-5311-41F1-814C-4FB626FC0B47}
		{9C5B4994-70C3-489D-933C-E2049C0505DB} = {9C5B4994-70C3-489D-933C-E2049C0505DB}
	EndProjectSection
EndProject
Project("{FAE04EC0-301F-11D3-BF4B-00C04F79EFBC}") = "InlineILCompiler", "InlineILCompiler\InlineILCompiler\InlineILCompiler.csproj", "{9522588A-5311-41F1-814C-4FB626FC0B47}"
EndProject
Project("{FAE04EC0-301F-11D3-BF4B-00C04F79EFBC}") = "CSCli", "CSCli\CSCli.csproj", "{9C5B4994-70C3-489D-933C-E2049C0505DB}"
EndProject
Project("{FAE04EC0-301F-11D3-BF4B-00C04F79EFBC}") = "LunalipseCoreTest", "LunalipseCoreTest\LunalipseCoreTest.csproj", "{D3CF1669-F599-43D3-9297-ACBD19627014}"
EndProject
Global
	GlobalSection(SolutionConfigurationPlatforms) = preSolution
		Debug|Any CPU = Debug|Any CPU
		Debug|x64 = Debug|x64
		Debug|x86 = Debug|x86
		Release|Any CPU = Release|Any CPU
		Release|x64 = Release|x64
		Release|x86 = Release|x86
	EndGlobalSection
	GlobalSection(ProjectConfigurationPlatforms) = postSolution
		{C9D2AF2E-9E4E-4496-BEEF-19B9EA89DEE0}.Debug|Any CPU.ActiveCfg = Debug|Any CPU
		{C9D2AF2E-9E4E-4496-BEEF-19B9EA89DEE0}.Debug|Any CPU.Build.0 = Debug|Any CPU
		{C9D2AF2E-9E4E-4496-BEEF-19B9EA89DEE0}.Debug|x64.ActiveCfg = Debug|Any CPU
		{C9D2AF2E-9E4E-4496-BEEF-19B9EA89DEE0}.Debug|x64.Build.0 = Debug|Any CPU
		{C9D2AF2E-9E4E-4496-BEEF-19B9EA89DEE0}.Debug|x86.ActiveCfg = Debug|Any CPU
		{C9D2AF2E-9E4E-4496-BEEF-19B9EA89DEE0}.Debug|x86.Build.0 = Debug|Any CPU
		{C9D2AF2E-9E4E-4496-BEEF-19B9EA89DEE0}.Release|Any CPU.ActiveCfg = Release|Any CPU
		{C9D2AF2E-9E4E-4496-BEEF-19B9EA89DEE0}.Release|Any CPU.Build.0 = Release|Any CPU
		{C9D2AF2E-9E4E-4496-BEEF-19B9EA89DEE0}.Release|x64.ActiveCfg = Release|Any CPU
		{C9D2AF2E-9E4E-4496-BEEF-19B9EA89DEE0}.Release|x64.Build.0 = Release|Any CPU
		{C9D2AF2E-9E4E-4496-BEEF-19B9EA89DEE0}.Release|x86.ActiveCfg = Release|Any CPU
		{C9D2AF2E-9E4E-4496-BEEF-19B9EA89DEE0}.Release|x86.Build.0 = Release|Any CPU
		{61478C16-44F2-4333-8209-FAB113BEBD4B}.Debug|Any CPU.ActiveCfg = Debug|Any CPU
		{61478C16-44F2-4333-8209-FAB113BEBD4B}.Debug|Any CPU.Build.0 = Debug|Any CPU
		{61478C16-44F2-4333-8209-FAB113BEBD4B}.Debug|x64.ActiveCfg = Debug|Any CPU
		{61478C16-44F2-4333-8209-FAB113BEBD4B}.Debug|x64.Build.0 = Debug|Any CPU
		{61478C16-44F2-4333-8209-FAB113BEBD4B}.Debug|x86.ActiveCfg = Debug|Any CPU
		{61478C16-44F2-4333-8209-FAB113BEBD4B}.Debug|x86.Build.0 = Debug|Any CPU
		{61478C16-44F2-4333-8209-FAB113BEBD4B}.Release|Any CPU.ActiveCfg = Release|Any CPU
		{61478C16-44F2-4333-8209-FAB113BEBD4B}.Release|Any CPU.Build.0 = Release|Any CPU
		{61478C16-44F2-4333-8209-FAB113BEBD4B}.Release|x64.ActiveCfg = Release|Any CPU
		{61478C16-44F2-4333-8209-FAB113BEBD4B}.Release|x64.Build.0 = Release|Any CPU
		{61478C16-44F2-4333-8209-FAB113BEBD4B}.Release|x86.ActiveCfg = Release|Any CPU
		{61478C16-44F2-4333-8209-FAB113BEBD4B}.Release|x86.Build.0 = Release|Any CPU
		{EC61FD35-E655-4EBF-823C-24DF1599154C}.Debug|Any CPU.ActiveCfg = Debug|Any CPU
		{EC61FD35-E655-4EBF-823C-24DF1599154C}.Debug|Any CPU.Build.0 = Debug|Any CPU
		{EC61FD35-E655-4EBF-823C-24DF1599154C}.Debug|x64.ActiveCfg = Debug|Any CPU
		{EC61FD35-E655-4EBF-823C-24DF1599154C}.Debug|x64.Build.0 = Debug|Any CPU
		{EC61FD35-E655-4EBF-823C-24DF1599154C}.Debug|x86.ActiveCfg = Debug|Any CPU
		{EC61FD35-E655-4EBF-823C-24DF1599154C}.Debug|x86.Build.0 = Debug|Any CPU
		{EC61FD35-E655-4EBF-823C-24DF1599154C}.Release|Any CPU.ActiveCfg = Release|Any CPU
		{EC61FD35-E655-4EBF-823C-24DF1599154C}.Release|Any CPU.Build.0 = Release|Any CPU
		{EC61FD35-E655-4EBF-823C-24DF1599154C}.Release|x64.ActiveCfg = Release|Any CPU
		{EC61FD35-E655-4EBF-823C-24DF1599154C}.Release|x64.Build.0 = Release|Any CPU
		{EC61FD35-E655-4EBF-823C-24DF1599154C}.Release|x86.ActiveCfg = Release|Any CPU
		{EC61FD35-E655-4EBF-823C-24DF1599154C}.Release|x86.Build.0 = Release|Any CPU
		{C3DCCFE3-DD3F-4EEE-849B-33E355B1E064}.Debug|Any CPU.ActiveCfg = Debug|Any CPU
		{C3DCCFE3-DD3F-4EEE-849B-33E355B1E064}.Debug|Any CPU.Build.0 = Debug|Any CPU
		{C3DCCFE3-DD3F-4EEE-849B-33E355B1E064}.Debug|x64.ActiveCfg = Debug|x64
		{C3DCCFE3-DD3F-4EEE-849B-33E355B1E064}.Debug|x64.Build.0 = Debug|x64
		{C3DCCFE3-DD3F-4EEE-849B-33E355B1E064}.Debug|x86.ActiveCfg = Debug|x86
		{C3DCCFE3-DD3F-4EEE-849B-33E355B1E064}.Debug|x86.Build.0 = Debug|x86
		{C3DCCFE3-DD3F-4EEE-849B-33E355B1E064}.Release|Any CPU.ActiveCfg = Release|Any CPU
		{C3DCCFE3-DD3F-4EEE-849B-33E355B1E064}.Release|Any CPU.Build.0 = Release|Any CPU
		{C3DCCFE3-DD3F-4EEE-849B-33E355B1E064}.Release|x64.ActiveCfg = Release|x64
		{C3DCCFE3-DD3F-4EEE-849B-33E355B1E064}.Release|x64.Build.0 = Release|x64
		{C3DCCFE3-DD3F-4EEE-849B-33E355B1E064}.Release|x86.ActiveCfg = Release|x86
		{C3DCCFE3-DD3F-4EEE-849B-33E355B1E064}.Release|x86.Build.0 = Release|x86
		{9522588A-5311-41F1-814C-4FB626FC0B47}.Debug|Any CPU.ActiveCfg = Debug|Any CPU
		{9522588A-5311-41F1-814C-4FB626FC0B47}.Debug|Any CPU.Build.0 = Debug|Any CPU
		{9522588A-5311-41F1-814C-4FB626FC0B47}.Debug|x64.ActiveCfg = Debug|Any CPU
		{9522588A-5311-41F1-814C-4FB626FC0B47}.Debug|x64.Build.0 = Debug|Any CPU
		{9522588A-5311-41F1-814C-4FB626FC0B47}.Debug|x86.ActiveCfg = Debug|Any CPU
		{9522588A-5311-41F1-814C-4FB626FC0B47}.Debug|x86.Build.0 = Debug|Any CPU
		{9522588A-5311-41F1-814C-4FB626FC0B47}.Release|Any CPU.ActiveCfg = Release|Any CPU
		{9522588A-5311-41F1-814C-4FB626FC0B47}.Release|Any CPU.Build.0 = Release|Any CPU
		{9522588A-5311-41F1-814C-4FB626FC0B47}.Release|x64.ActiveCfg = Release|Any CPU
		{9522588A-5311-41F1-814C-4FB626FC0B47}.Release|x64.Build.0 = Release|Any CPU
		{9522588A-5311-41F1-814C-4FB626FC0B47}.Release|x86.ActiveCfg = Release|Any CPU
		{9522588A-5311-41F1-814C-4FB626FC0B47}.Release|x86.Build.0 = Release|Any CPU
		{9C5B4994-70C3-489D-933C-E2049C0505DB}.Debug|Any CPU.ActiveCfg = Debug|Any CPU
		{9C5B4994-70C3-489D-933C-E2049C0505DB}.Debug|Any CPU.Build.0 = Debug|Any CPU
		{9C5B4994-70C3-489D-933C-E2049C0505DB}.Debug|x64.ActiveCfg = Debug|x64
		{9C5B4994-70C3-489D-933C-E2049C0505DB}.Debug|x64.Build.0 = Debug|x64
		{9C5B4994-70C3-489D-933C-E2049C0505DB}.Debug|x86.ActiveCfg = Debug|x86
		{9C5B4994-70C3-489D-933C-E2049C0505DB}.Debug|x86.Build.0 = Debug|x86
		{9C5B4994-70C3-489D-933C-E2049C0505DB}.Release|Any CPU.ActiveCfg = Release|Any CPU
		{9C5B4994-70C3-489D-933C-E2049C0505DB}.Release|Any CPU.Build.0 = Release|Any CPU
		{9C5B4994-70C3-489D-933C-E2049C0505DB}.Release|x64.ActiveCfg = Release|x64
		{9C5B4994-70C3-489D-933C-E2049C0505DB}.Release|x64.Build.0 = Release|x64
		{9C5B4994-70C3-489D-933C-E2049C0505DB}.Release|x86.ActiveCfg = Release|x86
		{9C5B4994-70C3-489D-933C-E2049C0505DB}.Release|x86.Build.0 = Release|x86
		{D3CF1669-F599-43D3-9297-ACBD19627014}.Debug|Any CPU.ActiveCfg = Debug|Any CPU
		{D3CF1669-F599-43D3-9297-ACBD19627014}.Debug|Any CPU.Build.0 = Debug|Any CPU
		{D3CF1669-F599-43D3-9297-ACBD19627014}.Debug|x64.ActiveCfg = Debug|Any CPU
		{D3CF1669-F599-43D3-9297-ACBD19627014}.Debug|x64.Build.0 = Debug|Any CPU
		{D3CF1669-F599-43D3-9297-ACBD19627014}.Debug|x86.ActiveCfg = Debug|Any CPU
		{D3CF1669-F599-43D3-9297-ACBD19627014}.Debug|x86.Build.0 = Debug|Any CPU
		{D3CF1669-F599-43D3-9297-ACBD19627014}.Release|Any CPU.ActiveCfg = Release|Any CPU
		{D3CF1669-F599-43D3-9297-ACBD19627014}.Release|Any CPU.Build.0 = Release|Any CPU
		{D3CF1669-F599-43D3-9297-ACBD19627014}.Release|x64.ActiveCfg = Release|Any CPU
		{D3CF1669-F599-43D3-9297-ACBD19627014}.Release|x64.Build.0 = Release|Any CPU
		{D3CF1669-F599-43D3-9297-ACBD19627014}.Release|x86.ActiveCfg = Release|Any CPU
		{D3CF1669-F599-43D3-9297-ACBD19627014}.Release|x86.Build.0 = Release|Any CPU
	EndGlobalSection
	GlobalSection(SolutionProperties) = preSolution
		HideSolutionNode = FALSE
	EndGlobalSection
EndGlobal
